
Microsoft Visual Studio Solution File, Format Version 12.00
# Visual Studio Version 16
VisualStudioVersion = 16.0.31129.286
MinimumVisualStudioVersion = 10.0.40219.1
Project("{FAE04EC0-301F-11D3-BF4B-00C04F79EFBC}") = "Valorant-Sensi-Increment", "Valorant-Sensi-Increment\Valorant-Sensi-Increment.csproj", "{43CD3387-45F4-4A15-83B0-B5EE3CF60B3A}"
EndProject
Global
	GlobalSection(SolutionConfigurationPlatforms) = preSolution
		Debug|Any CPU = Debug|Any CPU
		Release|Any CPU = Release|Any CPU
	EndGlobalSection
	GlobalSection(ProjectConfigurationPlatforms) = postSolution
		{43CD3387-45F4-4A15-83B0-B5EE3CF60B3A}.Debug|Any CPU.ActiveCfg = Debug|Any CPU
		{43CD3387-45F4-4A15-83B0-B5EE3CF60B3A}.Debug|Any CPU.Build.0 = Debug|Any CPU
		{43CD3387-45F4-4A15-83B0-B5EE3CF60B3A}.Release|Any CPU.ActiveCfg = Release|Any CPU
		{43CD3387-45F4-4A15-83B0-B5EE3CF60B3A}.Release|Any CPU.Build.0 = Release|Any CPU
	EndGlobalSection
	GlobalSection(SolutionProperties) = preSolution
		HideSolutionNode = FALSE
	EndGlobalSection
	GlobalSection(ExtensibilityGlobals) = postSolution
		SolutionGuid = {9156FBF4-ED77-4ADB-8D48-1DA21E0BBA82}
	EndGlobalSection
EndGlobal
